
Microsoft Visual Studio Solution File, Format Version 12.00
# Visual Studio Version 16
VisualStudioVersion = 16.0.808.8
MinimumVisualStudioVersion = 10.0.40219.1
Project("{FAE04EC0-301F-11D3-BF4B-00C04F79EFBC}") = "ConsoleApp", "ConsoleApp\ConsoleApp.csproj", "{5126D900-D7A2-440C-BC1A-3B1708BA0128}"
EndProject
Project("{2150E333-8FDC-42A3-9474-1A3956D46DE8}") = "Solution Items", "Solution Items", "{853FA33B-7468-4E81-B90A-021233680420}"
	ProjectSection(SolutionItems) = preProject
		README.md = README.md
	EndProjectSection
EndProject
Global
	GlobalSection(SolutionConfigurationPlatforms) = preSolution
		Debug|Any CPU = Debug|Any CPU
		Release|Any CPU = Release|Any CPU
	EndGlobalSection
	GlobalSection(ProjectConfigurationPlatforms) = postSolution
		{5126D900-D7A2-440C-BC1A-3B1708BA0128}.Debug|Any CPU.ActiveCfg = Debug|Any CPU
		{5126D900-D7A2-440C-BC1A-3B1708BA0128}.Debug|Any CPU.Build.0 = Debug|Any CPU
		{5126D900-D7A2-440C-BC1A-3B1708BA0128}.Release|Any CPU.ActiveCfg = Release|Any CPU
		{5126D900-D7A2-440C-BC1A-3B1708BA0128}.Release|Any CPU.Build.0 = Release|Any CPU
	EndGlobalSection
	GlobalSection(SolutionProperties) = preSolution
		HideSolutionNode = FALSE
	EndGlobalSection
	GlobalSection(ExtensibilityGlobals) = postSolution
		SolutionGuid = {0F7B300B-60D4-4A42-8564-761953CF7E54}
	EndGlobalSection
EndGlobal
